// !$*UTF8*$!
{
	archiveVersion = 1;
	classes = {
	};
	objectVersion = 50;
	objects = {

/* Begin PBXBuildFile section */
		D26CD39122DC27EB00D08894 /* CardBehavior.swift in Sources */ = {isa = PBXBuildFile; fileRef = D26CD39022DC27EB00D08894 /* CardBehavior.swift */; };
		D2D31CEA22D58AB400D7C5FA /* AppDelegate.swift in Sources */ = {isa = PBXBuildFile; fileRef = D2D31CE922D58AB400D7C5FA /* AppDelegate.swift */; };
		D2D31CEC22D58AB400D7C5FA /* ViewController.swift in Sources */ = {isa = PBXBuildFile; fileRef = D2D31CEB22D58AB400D7C5FA /* ViewController.swift */; };
		D2D31CEF22D58AB400D7C5FA /* Main.storyboard in Resources */ = {isa = PBXBuildFile; fileRef = D2D31CED22D58AB400D7C5FA /* Main.storyboard */; };
		D2D31CF122D58AB600D7C5FA /* Assets.xcassets in Resources */ = {isa = PBXBuildFile; fileRef = D2D31CF022D58AB600D7C5FA /* Assets.xcassets */; };
		D2D31CF422D58AB600D7C5FA /* LaunchScreen.storyboard in Resources */ = {isa = PBXBuildFile; fileRef = D2D31CF222D58AB600D7C5FA /* LaunchScreen.storyboard */; };
		D2D31CFD22D58B3C00D7C5FA /* PlayingCard.swift in Sources */ = {isa = PBXBuildFile; fileRef = D2D31CFC22D58B3C00D7C5FA /* PlayingCard.swift */; };
		D2D31CFF22D591FB00D7C5FA /* PlayingCardDeck.swift in Sources */ = {isa = PBXBuildFile; fileRef = D2D31CFE22D591FB00D7C5FA /* PlayingCardDeck.swift */; };
		D2D31D0122D5978200D7C5FA /* PlayingCardView.swift in Sources */ = {isa = PBXBuildFile; fileRef = D2D31D0022D5978200D7C5FA /* PlayingCardView.swift */; };
/* End PBXBuildFile section */

/* Begin PBXFileReference section */
		D26CD39022DC27EB00D08894 /* CardBehavior.swift */ = {isa = PBXFileReference; lastKnownFileType = sourcecode.swift; path = CardBehavior.swift; sourceTree = "<group>"; };
		D2D31CE622D58AB400D7C5FA /* PlayingCard.app */ = {isa = PBXFileReference; explicitFileType = wrapper.application; includeInIndex = 0; path = PlayingCard.app; sourceTree = BUILT_PRODUCTS_DIR; };
		D2D31CE922D58AB400D7C5FA /* AppDelegate.swift */ = {isa = PBXFileReference; lastKnownFileType = sourcecode.swift; path = AppDelegate.swift; sourceTree = "<group>"; };
		D2D31CEB22D58AB400D7C5FA /* ViewController.swift */ = {isa = PBXFileReference; lastKnownFileType = sourcecode.swift; path = ViewController.swift; sourceTree = "<group>"; };
		D2D31CEE22D58AB400D7C5FA /* Base */ = {isa = PBXFileReference; lastKnownFileType = file.storyboard; name = Base; path = Base.lproj/Main.storyboard; sourceTree = "<group>"; };
		D2D31CF022D58AB600D7C5FA /* Assets.xcassets */ = {isa = PBXFileReference; lastKnownFileType = folder.assetcatalog; path = Assets.xcassets; sourceTree = "<group>"; };
		D2D31CF322D58AB600D7C5FA /* Base */ = {isa = PBXFileReference; lastKnownFileType = file.storyboard; name = Base; path = Base.lproj/LaunchScreen.storyboard; sourceTree = "<group>"; };
		D2D31CF522D58AB600D7C5FA /* Info.plist */ = {isa = PBXFileReference; lastKnownFileType = text.plist.xml; path = Info.plist; sourceTree = "<group>"; };
		D2D31CFC22D58B3C00D7C5FA /* PlayingCard.swift */ = {isa = PBXFileReference; lastKnownFileType = sourcecode.swift; path = PlayingCard.swift; sourceTree = "<group>"; };
		D2D31CFE22D591FB00D7C5FA /* PlayingCardDeck.swift */ = {isa = PBXFileReference; lastKnownFileType = sourcecode.swift; path = PlayingCardDeck.swift; sourceTree = "<group>"; };
		D2D31D0022D5978200D7C5FA /* PlayingCardView.swift */ = {isa = PBXFileReference; lastKnownFileType = sourcecode.swift; path = PlayingCardView.swift; sourceTree = "<group>"; };
/* End PBXFileReference section */

/* Begin PBXFrameworksBuildPhase section */
		D2D31CE322D58AB400D7C5FA /* Frameworks */ = {
			isa = PBXFrameworksBuildPhase;
			buildActionMask = 2147483647;
			files = (
			);
			runOnlyForDeploymentPostprocessing = 0;
		};
/* End PBXFrameworksBuildPhase section */

/* Begin PBXGroup section */
		D2D31CDD22D58AB400D7C5FA = {
			isa = PBXGroup;
			children = (
				D2D31CE822D58AB400D7C5FA /* PlayingCard */,
				D2D31CE722D58AB400D7C5FA /* Products */,
			);
			sourceTree = "<group>";
		};
		D2D31CE722D58AB400D7C5FA /* Products */ = {
			isa = PBXGroup;
			children = (
				D2D31CE622D58AB400D7C5FA /* PlayingCard.app */,
			);
			name = Products;
			sourceTree = "<group>";
		};
		D2D31CE822D58AB400D7C5FA /* PlayingCard */ = {
			isa = PBXGroup;
			children = (
				D2D31CFC22D58B3C00D7C5FA /* PlayingCard.swift */,
				D2D31CFE22D591FB00D7C5FA /* PlayingCardDeck.swift */,
				D2D31CF022D58AB600D7C5FA /* Assets.xcassets */,
				D2D31CEB22D58AB400D7C5FA /* ViewController.swift */,
				D26CD39022DC27EB00D08894 /* CardBehavior.swift */,
				D2D31D0022D5978200D7C5FA /* PlayingCardView.swift */,
				D2D31CED22D58AB400D7C5FA /* Main.storyboard */,
				D2D31CF522D58AB600D7C5FA /* Info.plist */,
				D2D31CFB22D58AC600D7C5FA /* Supporting Files */,
			);
			path = PlayingCard;
			sourceTree = "<group>";
		};
		D2D31CFB22D58AC600D7C5FA /* Supporting Files */ = {
			isa = PBXGroup;
			children = (
				D2D31CE922D58AB400D7C5FA /* AppDelegate.swift */,
				D2D31CF222D58AB600D7C5FA /* LaunchScreen.storyboard */,
			);
			path = "Supporting Files";
			sourceTree = "<group>";
		};
/* End PBXGroup section */

/* Begin PBXNativeTarget section */
		D2D31CE522D58AB400D7C5FA /* PlayingCard */ = {
			isa = PBXNativeTarget;
			buildConfigurationList = D2D31CF822D58AB600D7C5FA /* Build configuration list for PBXNativeTarget "PlayingCard" */;
			buildPhases = (
				D2D31CE222D58AB400D7C5FA /* Sources */,
				D2D31CE322D58AB400D7C5FA /* Frameworks */,
				D2D31CE422D58AB400D7C5FA /* Resources */,
			);
			buildRules = (
			);
			dependencies = (
			);
			name = PlayingCard;
			productName = PlayingCard;
			productReference = D2D31CE622D58AB400D7C5FA /* PlayingCard.app */;
			productType = "com.apple.product-type.application";
		};
/* End PBXNativeTarget section */

/* Begin PBXProject section */
		D2D31CDE22D58AB400D7C5FA /* Project object */ = {
			isa = PBXProject;
			attributes = {
				LastSwiftUpdateCheck = 1020;
				LastUpgradeCheck = 1020;
				ORGANIZATIONNAME = "Chen Hanmo";
				TargetAttributes = {
					D2D31CE522D58AB400D7C5FA = {
						CreatedOnToolsVersion = 10.2.1;
					};
				};
			};
			buildConfigurationList = D2D31CE122D58AB400D7C5FA /* Build configuration list for PBXProject "PlayingCard" */;
			compatibilityVersion = "Xcode 9.3";
			developmentRegion = en;
			hasScannedForEncodings = 0;
			knownRegions = (
				en,
				Base,
			);
			mainGroup = D2D31CDD22D58AB400D7C5FA;
			productRefGroup = D2D31CE722D58AB400D7C5FA /* Products */;
			projectDirPath = "";
			projectRoot = "";
			targets = (
				D2D31CE522D58AB400D7C5FA /* PlayingCard */,
			);
		};
/* End PBXProject section */

/* Begin PBXResourcesBuildPhase section */
		D2D31CE422D58AB400D7C5FA /* Resources */ = {
			isa = PBXResourcesBuildPhase;
			buildActionMask = 2147483647;
			files = (
				D2D31CF422D58AB600D7C5FA /* LaunchScreen.storyboard in Resources */,
				D2D31CF122D58AB600D7C5FA /* Assets.xcassets in Resources */,
				D2D31CEF22D58AB400D7C5FA /* Main.storyboard in Resources */,
			);
			runOnlyForDeploymentPostprocessing = 0;
		};
/* End PBXResourcesBuildPhase section */

/* Begin PBXSourcesBuildPhase section */
		D2D31CE222D58AB400D7C5FA /* Sources */ = {
			isa = PBXSourcesBuildPhase;
			buildActionMask = 2147483647;
			files = (
				D2D31CEC22D58AB400D7C5FA /* ViewController.swift in Sources */,
				D2D31CFF22D591FB00D7C5FA /* PlayingCardDeck.swift in Sources */,
				D2D31CFD22D58B3C00D7C5FA /* PlayingCard.swift in Sources */,
				D2D31D0122D5978200D7C5FA /* PlayingCardView.swift in Sources */,
				D2D31CEA22D58AB400D7C5FA /* AppDelegate.swift in Sources */,
				D26CD39122DC27EB00D08894 /* CardBehavior.swift in Sources */,
			);
			runOnlyForDeploymentPostprocessing = 0;
		};
/* End PBXSourcesBuildPhase section */

/* Begin PBXVariantGroup section */
		D2D31CED22D58AB400D7C5FA /* Main.storyboard */ = {
			isa = PBXVariantGroup;
			children = (
				D2D31CEE22D58AB400D7C5FA /* Base */,
			);
			name = Main.storyboard;
			sourceTree = "<group>";
		};
		D2D31CF222D58AB600D7C5FA /* LaunchScreen.storyboard */ = {
			isa = PBXVariantGroup;
			children = (
				D2D31CF322D58AB600D7C5FA /* Base */,
			);
			name = LaunchScreen.storyboard;
			sourceTree = "<group>";
		};
/* End PBXVariantGroup section */

/* Begin XCBuildConfiguration section */
		D2D31CF622D58AB600D7C5FA /* Debug */ = {
			isa = XCBuildConfiguration;
			buildSettings = {
				ALWAYS_SEARCH_USER_PATHS = NO;
				CLANG_ANALYZER_NONNULL = YES;
				CLANG_ANALYZER_NUMBER_OBJECT_CONVERSION = YES_AGGRESSIVE;
				CLANG_CXX_LANGUAGE_STANDARD = "gnu++14";
				CLANG_CXX_LIBRARY = "libc++";
				CLANG_ENABLE_MODULES = YES;
				CLANG_ENABLE_OBJC_ARC = YES;
				CLANG_ENABLE_OBJC_WEAK = YES;
				CLANG_WARN_BLOCK_CAPTURE_AUTORELEASING = YES;
				CLANG_WARN_BOOL_CONVERSION = YES;
				CLANG_WARN_COMMA = YES;
				CLANG_WARN_CONSTANT_CONVERSION = YES;
				CLANG_WARN_DEPRECATED_OBJC_IMPLEMENTATIONS = YES;
				CLANG_WARN_DIRECT_OBJC_ISA_USAGE = YES_ERROR;
				CLANG_WARN_DOCUMENTATION_COMMENTS = YES;
				CLANG_WARN_EMPTY_BODY = YES;
				CLANG_WARN_ENUM_CONVERSION = YES;
				CLANG_WARN_INFINITE_RECURSION = YES;
				CLANG_WARN_INT_CONVERSION = YES;
				CLANG_WARN_NON_LITERAL_NULL_CONVERSION = YES;
				CLANG_WARN_OBJC_IMPLICIT_RETAIN_SELF = YES;
				CLANG_WARN_OBJC_LITERAL_CONVERSION = YES;
				CLANG_WARN_OBJC_ROOT_CLASS = YES_ERROR;
				CLANG_WARN_RANGE_LOOP_ANALYSIS = YES;
				CLANG_WARN_STRICT_PROTOTYPES = YES;
				CLANG_WARN_SUSPICIOUS_MOVE = YES;
				CLANG_WARN_UNGUARDED_AVAILABILITY = YES_AGGRESSIVE;
				CLANG_WARN_UNREACHABLE_CODE = YES;
				CLANG_WARN__DUPLICATE_METHOD_MATCH = YES;
				CODE_SIGN_IDENTITY = "iPhone Developer";
				COPY_PHASE_STRIP = NO;
				DEBUG_INFORMATION_FORMAT = dwarf;
				ENABLE_STRICT_OBJC_MSGSEND = YES;
				ENABLE_TESTABILITY = YES;
				GCC_C_LANGUAGE_STANDARD = gnu11;
				GCC_DYNAMIC_NO_PIC = NO;
				GCC_NO_COMMON_BLOCKS = YES;
				GCC_OPTIMIZATION_LEVEL = 0;
				GCC_PREPROCESSOR_DEFINITIONS = (
					"DEBUG=1",
					"$(inherited)",
				);
				GCC_WARN_64_TO_32_BIT_CONVERSION = YES;
				GCC_WARN_ABOUT_RETURN_TYPE = YES_ERROR;
				GCC_WARN_UNDECLARED_SELECTOR = YES;
				GCC_WARN_UNINITIALIZED_AUTOS = YES_AGGRESSIVE;
				GCC_WARN_UNUSED_FUNCTION = YES;
				GCC_WARN_UNUSED_VARIABLE = YES;
				IPHONEOS_DEPLOYMENT_TARGET = 12.2;
				MTL_ENABLE_DEBUG_INFO = INCLUDE_SOURCE;
				MTL_FAST_MATH = YES;
				ONLY_ACTIVE_ARCH = YES;
				SDKROOT = iphoneos;
				SWIFT_ACTIVE_COMPILATION_CONDITIONS = DEBUG;
				SWIFT_OPTIMIZATION_LEVEL = "-Onone";
			};
			name = Debug;
		};
		D2D31CF722D58AB600D7C5FA /* Release */ = {
			isa = XCBuildConfiguration;
			buildSettings = {
				ALWAYS_SEARCH_USER_PATHS = NO;
				CLANG_ANALYZER_NONNULL = YES;
				CLANG_ANALYZER_NUMBER_OBJECT_CONVERSION = YES_AGGRESSIVE;
				CLANG_CXX_LANGUAGE_STANDARD = "gnu++14";
				CLANG_CXX_LIBRARY = "libc++";
				CLANG_ENABLE_MODULES = YES;
				CLANG_ENABLE_OBJC_ARC = YES;
				CLANG_ENABLE_OBJC_WEAK = YES;
				CLANG_WARN_BLOCK_CAPTURE_AUTORELEASING = YES;
				CLANG_WARN_BOOL_CONVERSION = YES;
				CLANG_WARN_COMMA = YES;
				CLANG_WARN_CONSTANT_CONVERSION = YES;
				CLANG_WARN_DEPRECATED_OBJC_IMPLEMENTATIONS = YES;
				CLANG_WARN_DIRECT_OBJC_ISA_USAGE = YES_ERROR;
				CLANG_WARN_DOCUMENTATION_COMMENTS = YES;
				CLANG_WARN_EMPTY_BODY = YES;
				CLANG_WARN_ENUM_CONVERSION = YES;
				CLANG_WARN_INFINITE_RECURSION = YES;
				CLANG_WARN_INT_CONVERSION = YES;
				CLANG_WARN_NON_LITERAL_NULL_CONVERSION = YES;
				CLANG_WARN_OBJC_IMPLICIT_RETAIN_SELF = YES;
				CLANG_WARN_OBJC_LITERAL_CONVERSION = YES;
				CLANG_WARN_OBJC_ROOT_CLASS = YES_ERROR;
				CLANG_WARN_RANGE_LOOP_ANALYSIS = YES;
				CLANG_WARN_STRICT_PROTOTYPES = YES;
				CLANG_WARN_SUSPICIOUS_MOVE = YES;
				CLANG_WARN_UNGUARDED_AVAILABILITY = YES_AGGRESSIVE;
				CLANG_WARN_UNREACHABLE_CODE = YES;
				CLANG_WARN__DUPLICATE_METHOD_MATCH = YES;
				CODE_SIGN_IDENTITY = "iPhone Developer";
				COPY_PHASE_STRIP = NO;
				DEBUG_INFORMATION_FORMAT = "dwarf-with-dsym";
				ENABLE_NS_ASSERTIONS = NO;
				ENABLE_STRICT_OBJC_MSGSEND = YES;
				GCC_C_LANGUAGE_STANDARD = gnu11;
				GCC_NO_COMMON_BLOCKS = YES;
				GCC_WARN_64_TO_32_BIT_CONVERSION = YES;
				GCC_WARN_ABOUT_RETURN_TYPE = YES_ERROR;
				GCC_WARN_UNDECLARED_SELECTOR = YES;
				GCC_WARN_UNINITIALIZED_AUTOS = YES_AGGRESSIVE;
				GCC_WARN_UNUSED_FUNCTION = YES;
				GCC_WARN_UNUSED_VARIABLE = YES;
				IPHONEOS_DEPLOYMENT_TARGET = 12.2;
				MTL_ENABLE_DEBUG_INFO = NO;
				MTL_FAST_MATH = YES;
				SDKROOT = iphoneos;
				SWIFT_COMPILATION_MODE = wholemodule;
				SWIFT_OPTIMIZATION_LEVEL = "-O";
				VALIDATE_PRODUCT = YES;
			};
			name = Release;
		};
		D2D31CF922D58AB600D7C5FA /* Debug */ = {
			isa = XCBuildConfiguration;
			buildSettings = {
				ASSETCATALOG_COMPILER_APPICON_NAME = AppIcon;
				CODE_SIGN_STYLE = Automatic;
				DEVELOPMENT_TEAM = Y99ZS2MV55;
				INFOPLIST_FILE = PlayingCard/Info.plist;
				LD_RUNPATH_SEARCH_PATHS = (
					"$(inherited)",
					"@executable_path/Frameworks",
				);
				OTHER_LDFLAGS = "";
				PRODUCT_BUNDLE_IDENTIFIER = "Chen-Hanmo.PlayingCard";
				PRODUCT_NAME = "$(TARGET_NAME)";
				SWIFT_VERSION = 5.0;
				TARGETED_DEVICE_FAMILY = "1,2";
			};
			name = Debug;
		};
		D2D31CFA22D58AB600D7C5FA /* Release */ = {
			isa = XCBuildConfiguration;
			buildSettings = {
				ASSETCATALOG_COMPILER_APPICON_NAME = AppIcon;
				CODE_SIGN_STYLE = Automatic;
				DEVELOPMENT_TEAM = Y99ZS2MV55;
				INFOPLIST_FILE = PlayingCard/Info.plist;
				LD_RUNPATH_SEARCH_PATHS = (
					"$(inherited)",
					"@executable_path/Frameworks",
				);
				OTHER_LDFLAGS = "";
				PRODUCT_BUNDLE_IDENTIFIER = "Chen-Hanmo.PlayingCard";
				PRODUCT_NAME = "$(TARGET_NAME)";
				SWIFT_VERSION = 5.0;
				TARGETED_DEVICE_FAMILY = "1,2";
			};
			name = Release;
		};
/* End XCBuildConfiguration section */

/* Begin XCConfigurationList section */
		D2D31CE122D58AB400D7C5FA /* Build configuration list for PBXProject "PlayingCard" */ = {
			isa = XCConfigurationList;
			buildConfigurations = (
				D2D31CF622D58AB600D7C5FA /* Debug */,
				D2D31CF722D58AB600D7C5FA /* Release */,
			);
			defaultConfigurationIsVisible = 0;
			defaultConfigurationName = Release;
		};
		D2D31CF822D58AB600D7C5FA /* Build configuration list for PBXNativeTarget "PlayingCard" */ = {
			isa = XCConfigurationList;
			buildConfigurations = (
				D2D31CF922D58AB600D7C5FA /* Debug */,
				D2D31CFA22D58AB600D7C5FA /* Release */,
			);
			defaultConfigurationIsVisible = 0;
			defaultConfigurationName = Release;
		};
/* End XCConfigurationList section */
	};
	rootObject = D2D31CDE22D58AB400D7C5FA /* Project object */;
}
