// !$*UTF8*$!
{
	archiveVersion = 1;
	classes = {
	};
	objectVersion = 50;
	objects = {

/* Begin PBXBuildFile section */
		D2E50CFE22EE8B0500945BCC /* AppDelegate.swift in Sources */ = {isa = PBXBuildFile; fileRef = D2E50CFD22EE8B0500945BCC /* AppDelegate.swift */; };
		D2E50D0022EE8B0500945BCC /* DocumentBrowserViewController.swift in Sources */ = {isa = PBXBuildFile; fileRef = D2E50CFF22EE8B0500945BCC /* DocumentBrowserViewController.swift */; };
		D2E50D0422EE8B0500945BCC /* EmojiArtDocument.swift in Sources */ = {isa = PBXBuildFile; fileRef = D2E50D0322EE8B0500945BCC /* EmojiArtDocument.swift */; };
		D2E50D0722EE8B0500945BCC /* Main.storyboard in Resources */ = {isa = PBXBuildFile; fileRef = D2E50D0522EE8B0500945BCC /* Main.storyboard */; };
		D2E50D0922EE8B0800945BCC /* Assets.xcassets in Resources */ = {isa = PBXBuildFile; fileRef = D2E50D0822EE8B0800945BCC /* Assets.xcassets */; };
		D2E50D0C22EE8B0800945BCC /* LaunchScreen.storyboard in Resources */ = {isa = PBXBuildFile; fileRef = D2E50D0A22EE8B0800945BCC /* LaunchScreen.storyboard */; };
		D2E50D1722EE8D8500945BCC /* EmojiArtView.swift in Sources */ = {isa = PBXBuildFile; fileRef = D2E50D1422EE8D8400945BCC /* EmojiArtView.swift */; };
		D2E50D1822EE8D8500945BCC /* EmojiArt.swift in Sources */ = {isa = PBXBuildFile; fileRef = D2E50D1522EE8D8400945BCC /* EmojiArt.swift */; };
		D2E50D1922EE8D8500945BCC /* EmojiArtViewController.swift in Sources */ = {isa = PBXBuildFile; fileRef = D2E50D1622EE8D8500945BCC /* EmojiArtViewController.swift */; };
		D2E50D1E22EE8D9A00945BCC /* EmojiCollectionViewCell.swift in Sources */ = {isa = PBXBuildFile; fileRef = D2E50D1A22EE8D9900945BCC /* EmojiCollectionViewCell.swift */; };
		D2E50D1F22EE8D9A00945BCC /* Utilities.swift in Sources */ = {isa = PBXBuildFile; fileRef = D2E50D1B22EE8D9900945BCC /* Utilities.swift */; };
		D2E50D2022EE8D9A00945BCC /* EmojiArtView+Gestures.swift in Sources */ = {isa = PBXBuildFile; fileRef = D2E50D1C22EE8D9A00945BCC /* EmojiArtView+Gestures.swift */; };
		D2E50D2122EE8D9A00945BCC /* TextFieldCollectionViewCell.swift in Sources */ = {isa = PBXBuildFile; fileRef = D2E50D1D22EE8D9A00945BCC /* TextFieldCollectionViewCell.swift */; };
/* End PBXBuildFile section */

/* Begin PBXFileReference section */
		D2E50CFA22EE8B0500945BCC /* EmojiArt.app */ = {isa = PBXFileReference; explicitFileType = wrapper.application; includeInIndex = 0; path = EmojiArt.app; sourceTree = BUILT_PRODUCTS_DIR; };
		D2E50CFD22EE8B0500945BCC /* AppDelegate.swift */ = {isa = PBXFileReference; lastKnownFileType = sourcecode.swift; path = AppDelegate.swift; sourceTree = "<group>"; };
		D2E50CFF22EE8B0500945BCC /* DocumentBrowserViewController.swift */ = {isa = PBXFileReference; lastKnownFileType = sourcecode.swift; path = DocumentBrowserViewController.swift; sourceTree = "<group>"; };
		D2E50D0322EE8B0500945BCC /* EmojiArtDocument.swift */ = {isa = PBXFileReference; lastKnownFileType = sourcecode.swift; path = EmojiArtDocument.swift; sourceTree = "<group>"; };
		D2E50D0622EE8B0500945BCC /* Base */ = {isa = PBXFileReference; lastKnownFileType = file.storyboard; name = Base; path = Base.lproj/Main.storyboard; sourceTree = "<group>"; };
		D2E50D0822EE8B0800945BCC /* Assets.xcassets */ = {isa = PBXFileReference; lastKnownFileType = folder.assetcatalog; path = Assets.xcassets; sourceTree = "<group>"; };
		D2E50D0B22EE8B0800945BCC /* Base */ = {isa = PBXFileReference; lastKnownFileType = file.storyboard; name = Base; path = Base.lproj/LaunchScreen.storyboard; sourceTree = "<group>"; };
		D2E50D0D22EE8B0800945BCC /* Info.plist */ = {isa = PBXFileReference; lastKnownFileType = text.plist.xml; path = Info.plist; sourceTree = "<group>"; };
		D2E50D1422EE8D8400945BCC /* EmojiArtView.swift */ = {isa = PBXFileReference; fileEncoding = 4; lastKnownFileType = sourcecode.swift; name = EmojiArtView.swift; path = "../../EmojiArt OLD/EmojiArt/EmojiArtView.swift"; sourceTree = "<group>"; };
		D2E50D1522EE8D8400945BCC /* EmojiArt.swift */ = {isa = PBXFileReference; fileEncoding = 4; lastKnownFileType = sourcecode.swift; name = EmojiArt.swift; path = "../../EmojiArt OLD/EmojiArt/EmojiArt.swift"; sourceTree = "<group>"; };
		D2E50D1622EE8D8500945BCC /* EmojiArtViewController.swift */ = {isa = PBXFileReference; fileEncoding = 4; lastKnownFileType = sourcecode.swift; name = EmojiArtViewController.swift; path = "../../EmojiArt OLD/EmojiArt/EmojiArtViewController.swift"; sourceTree = "<group>"; };
		D2E50D1A22EE8D9900945BCC /* EmojiCollectionViewCell.swift */ = {isa = PBXFileReference; fileEncoding = 4; lastKnownFileType = sourcecode.swift; name = EmojiCollectionViewCell.swift; path = "../../EmojiArt OLD/EmojiArt/Supporting Files/EmojiCollectionViewCell.swift"; sourceTree = "<group>"; };
		D2E50D1B22EE8D9900945BCC /* Utilities.swift */ = {isa = PBXFileReference; fileEncoding = 4; lastKnownFileType = sourcecode.swift; name = Utilities.swift; path = "../../EmojiArt OLD/EmojiArt/Supporting Files/Utilities.swift"; sourceTree = "<group>"; };
		D2E50D1C22EE8D9A00945BCC /* EmojiArtView+Gestures.swift */ = {isa = PBXFileReference; fileEncoding = 4; lastKnownFileType = sourcecode.swift; name = "EmojiArtView+Gestures.swift"; path = "../../EmojiArt OLD/EmojiArt/Supporting Files/EmojiArtView+Gestures.swift"; sourceTree = "<group>"; };
		D2E50D1D22EE8D9A00945BCC /* TextFieldCollectionViewCell.swift */ = {isa = PBXFileReference; fileEncoding = 4; lastKnownFileType = sourcecode.swift; name = TextFieldCollectionViewCell.swift; path = "../../EmojiArt OLD/EmojiArt/Supporting Files/TextFieldCollectionViewCell.swift"; sourceTree = "<group>"; };
/* End PBXFileReference section */

/* Begin PBXFrameworksBuildPhase section */
		D2E50CF722EE8B0500945BCC /* Frameworks */ = {
			isa = PBXFrameworksBuildPhase;
			buildActionMask = 2147483647;
			files = (
			);
			runOnlyForDeploymentPostprocessing = 0;
		};
/* End PBXFrameworksBuildPhase section */

/* Begin PBXGroup section */
		D2E50CF122EE8B0500945BCC = {
			isa = PBXGroup;
			children = (
				D2E50CFC22EE8B0500945BCC /* EmojiArt */,
				D2E50CFB22EE8B0500945BCC /* Products */,
			);
			sourceTree = "<group>";
		};
		D2E50CFB22EE8B0500945BCC /* Products */ = {
			isa = PBXGroup;
			children = (
				D2E50CFA22EE8B0500945BCC /* EmojiArt.app */,
			);
			name = Products;
			sourceTree = "<group>";
		};
		D2E50CFC22EE8B0500945BCC /* EmojiArt */ = {
			isa = PBXGroup;
			children = (
				D2E50CFF22EE8B0500945BCC /* DocumentBrowserViewController.swift */,
				D2E50D0322EE8B0500945BCC /* EmojiArtDocument.swift */,
				D2E50D1522EE8D8400945BCC /* EmojiArt.swift */,
				D2E50D1422EE8D8400945BCC /* EmojiArtView.swift */,
				D2E50D1C22EE8D9A00945BCC /* EmojiArtView+Gestures.swift */,
				D2E50D1A22EE8D9900945BCC /* EmojiCollectionViewCell.swift */,
				D2E50D1D22EE8D9A00945BCC /* TextFieldCollectionViewCell.swift */,
				D2E50D1B22EE8D9900945BCC /* Utilities.swift */,
				D2E50D1622EE8D8500945BCC /* EmojiArtViewController.swift */,
				D2E50D0522EE8B0500945BCC /* Main.storyboard */,
				D2E50D0D22EE8B0800945BCC /* Info.plist */,
				D2E50D1322EE8B4700945BCC /* Supporting Files */,
			);
			path = EmojiArt;
			sourceTree = "<group>";
		};
		D2E50D1322EE8B4700945BCC /* Supporting Files */ = {
			isa = PBXGroup;
			children = (
				D2E50CFD22EE8B0500945BCC /* AppDelegate.swift */,
				D2E50D0822EE8B0800945BCC /* Assets.xcassets */,
				D2E50D0A22EE8B0800945BCC /* LaunchScreen.storyboard */,
			);
			path = "Supporting Files";
			sourceTree = "<group>";
		};
/* End PBXGroup section */

/* Begin PBXNativeTarget section */
		D2E50CF922EE8B0500945BCC /* EmojiArt */ = {
			isa = PBXNativeTarget;
			buildConfigurationList = D2E50D1022EE8B0800945BCC /* Build configuration list for PBXNativeTarget "EmojiArt" */;
			buildPhases = (
				D2E50CF622EE8B0500945BCC /* Sources */,
				D2E50CF722EE8B0500945BCC /* Frameworks */,
				D2E50CF822EE8B0500945BCC /* Resources */,
			);
			buildRules = (
			);
			dependencies = (
			);
			name = EmojiArt;
			productName = EmojiArt;
			productReference = D2E50CFA22EE8B0500945BCC /* EmojiArt.app */;
			productType = "com.apple.product-type.application";
		};
/* End PBXNativeTarget section */

/* Begin PBXProject section */
		D2E50CF222EE8B0500945BCC /* Project object */ = {
			isa = PBXProject;
			attributes = {
				LastSwiftUpdateCheck = 1030;
				LastUpgradeCheck = 1030;
				ORGANIZATIONNAME = "Hanmo Chen";
				TargetAttributes = {
					D2E50CF922EE8B0500945BCC = {
						CreatedOnToolsVersion = 10.3;
					};
				};
			};
			buildConfigurationList = D2E50CF522EE8B0500945BCC /* Build configuration list for PBXProject "EmojiArt" */;
			compatibilityVersion = "Xcode 9.3";
			developmentRegion = en;
			hasScannedForEncodings = 0;
			knownRegions = (
				en,
				Base,
			);
			mainGroup = D2E50CF122EE8B0500945BCC;
			productRefGroup = D2E50CFB22EE8B0500945BCC /* Products */;
			projectDirPath = "";
			projectRoot = "";
			targets = (
				D2E50CF922EE8B0500945BCC /* EmojiArt */,
			);
		};
/* End PBXProject section */

/* Begin PBXResourcesBuildPhase section */
		D2E50CF822EE8B0500945BCC /* Resources */ = {
			isa = PBXResourcesBuildPhase;
			buildActionMask = 2147483647;
			files = (
				D2E50D0C22EE8B0800945BCC /* LaunchScreen.storyboard in Resources */,
				D2E50D0922EE8B0800945BCC /* Assets.xcassets in Resources */,
				D2E50D0722EE8B0500945BCC /* Main.storyboard in Resources */,
			);
			runOnlyForDeploymentPostprocessing = 0;
		};
/* End PBXResourcesBuildPhase section */

/* Begin PBXSourcesBuildPhase section */
		D2E50CF622EE8B0500945BCC /* Sources */ = {
			isa = PBXSourcesBuildPhase;
			buildActionMask = 2147483647;
			files = (
				D2E50D1E22EE8D9A00945BCC /* EmojiCollectionViewCell.swift in Sources */,
				D2E50D0422EE8B0500945BCC /* EmojiArtDocument.swift in Sources */,
				D2E50D2022EE8D9A00945BCC /* EmojiArtView+Gestures.swift in Sources */,
				D2E50D1922EE8D8500945BCC /* EmojiArtViewController.swift in Sources */,
				D2E50D0022EE8B0500945BCC /* DocumentBrowserViewController.swift in Sources */,
				D2E50D1822EE8D8500945BCC /* EmojiArt.swift in Sources */,
				D2E50CFE22EE8B0500945BCC /* AppDelegate.swift in Sources */,
				D2E50D1F22EE8D9A00945BCC /* Utilities.swift in Sources */,
				D2E50D2122EE8D9A00945BCC /* TextFieldCollectionViewCell.swift in Sources */,
				D2E50D1722EE8D8500945BCC /* EmojiArtView.swift in Sources */,
			);
			runOnlyForDeploymentPostprocessing = 0;
		};
/* End PBXSourcesBuildPhase section */

/* Begin PBXVariantGroup section */
		D2E50D0522EE8B0500945BCC /* Main.storyboard */ = {
			isa = PBXVariantGroup;
			children = (
				D2E50D0622EE8B0500945BCC /* Base */,
			);
			name = Main.storyboard;
			sourceTree = "<group>";
		};
		D2E50D0A22EE8B0800945BCC /* LaunchScreen.storyboard */ = {
			isa = PBXVariantGroup;
			children = (
				D2E50D0B22EE8B0800945BCC /* Base */,
			);
			name = LaunchScreen.storyboard;
			sourceTree = "<group>";
		};
/* End PBXVariantGroup section */

/* Begin XCBuildConfiguration section */
		D2E50D0E22EE8B0800945BCC /* Debug */ = {
			isa = XCBuildConfiguration;
			buildSettings = {
				ALWAYS_SEARCH_USER_PATHS = NO;
				CLANG_ANALYZER_NONNULL = YES;
				CLANG_ANALYZER_NUMBER_OBJECT_CONVERSION = YES_AGGRESSIVE;
				CLANG_CXX_LANGUAGE_STANDARD = "gnu++14";
				CLANG_CXX_LIBRARY = "libc++";
				CLANG_ENABLE_MODULES = YES;
				CLANG_ENABLE_OBJC_ARC = YES;
				CLANG_ENABLE_OBJC_WEAK = YES;
				CLANG_WARN_BLOCK_CAPTURE_AUTORELEASING = YES;
				CLANG_WARN_BOOL_CONVERSION = YES;
				CLANG_WARN_COMMA = YES;
				CLANG_WARN_CONSTANT_CONVERSION = YES;
				CLANG_WARN_DEPRECATED_OBJC_IMPLEMENTATIONS = YES;
				CLANG_WARN_DIRECT_OBJC_ISA_USAGE = YES_ERROR;
				CLANG_WARN_DOCUMENTATION_COMMENTS = YES;
				CLANG_WARN_EMPTY_BODY = YES;
				CLANG_WARN_ENUM_CONVERSION = YES;
				CLANG_WARN_INFINITE_RECURSION = YES;
				CLANG_WARN_INT_CONVERSION = YES;
				CLANG_WARN_NON_LITERAL_NULL_CONVERSION = YES;
				CLANG_WARN_OBJC_IMPLICIT_RETAIN_SELF = YES;
				CLANG_WARN_OBJC_LITERAL_CONVERSION = YES;
				CLANG_WARN_OBJC_ROOT_CLASS = YES_ERROR;
				CLANG_WARN_RANGE_LOOP_ANALYSIS = YES;
				CLANG_WARN_STRICT_PROTOTYPES = YES;
				CLANG_WARN_SUSPICIOUS_MOVE = YES;
				CLANG_WARN_UNGUARDED_AVAILABILITY = YES_AGGRESSIVE;
				CLANG_WARN_UNREACHABLE_CODE = YES;
				CLANG_WARN__DUPLICATE_METHOD_MATCH = YES;
				CODE_SIGN_IDENTITY = "iPhone Developer";
				COPY_PHASE_STRIP = NO;
				DEBUG_INFORMATION_FORMAT = dwarf;
				ENABLE_STRICT_OBJC_MSGSEND = YES;
				ENABLE_TESTABILITY = YES;
				GCC_C_LANGUAGE_STANDARD = gnu11;
				GCC_DYNAMIC_NO_PIC = NO;
				GCC_NO_COMMON_BLOCKS = YES;
				GCC_OPTIMIZATION_LEVEL = 0;
				GCC_PREPROCESSOR_DEFINITIONS = (
					"DEBUG=1",
					"$(inherited)",
				);
				GCC_WARN_64_TO_32_BIT_CONVERSION = YES;
				GCC_WARN_ABOUT_RETURN_TYPE = YES_ERROR;
				GCC_WARN_UNDECLARED_SELECTOR = YES;
				GCC_WARN_UNINITIALIZED_AUTOS = YES_AGGRESSIVE;
				GCC_WARN_UNUSED_FUNCTION = YES;
				GCC_WARN_UNUSED_VARIABLE = YES;
				IPHONEOS_DEPLOYMENT_TARGET = 12.4;
				MTL_ENABLE_DEBUG_INFO = INCLUDE_SOURCE;
				MTL_FAST_MATH = YES;
				ONLY_ACTIVE_ARCH = YES;
				SDKROOT = iphoneos;
				SWIFT_ACTIVE_COMPILATION_CONDITIONS = DEBUG;
				SWIFT_OPTIMIZATION_LEVEL = "-Onone";
			};
			name = Debug;
		};
		D2E50D0F22EE8B0800945BCC /* Release */ = {
			isa = XCBuildConfiguration;
			buildSettings = {
				ALWAYS_SEARCH_USER_PATHS = NO;
				CLANG_ANALYZER_NONNULL = YES;
				CLANG_ANALYZER_NUMBER_OBJECT_CONVERSION = YES_AGGRESSIVE;
				CLANG_CXX_LANGUAGE_STANDARD = "gnu++14";
				CLANG_CXX_LIBRARY = "libc++";
				CLANG_ENABLE_MODULES = YES;
				CLANG_ENABLE_OBJC_ARC = YES;
				CLANG_ENABLE_OBJC_WEAK = YES;
				CLANG_WARN_BLOCK_CAPTURE_AUTORELEASING = YES;
				CLANG_WARN_BOOL_CONVERSION = YES;
				CLANG_WARN_COMMA = YES;
				CLANG_WARN_CONSTANT_CONVERSION = YES;
				CLANG_WARN_DEPRECATED_OBJC_IMPLEMENTATIONS = YES;
				CLANG_WARN_DIRECT_OBJC_ISA_USAGE = YES_ERROR;
				CLANG_WARN_DOCUMENTATION_COMMENTS = YES;
				CLANG_WARN_EMPTY_BODY = YES;
				CLANG_WARN_ENUM_CONVERSION = YES;
				CLANG_WARN_INFINITE_RECURSION = YES;
				CLANG_WARN_INT_CONVERSION = YES;
				CLANG_WARN_NON_LITERAL_NULL_CONVERSION = YES;
				CLANG_WARN_OBJC_IMPLICIT_RETAIN_SELF = YES;
				CLANG_WARN_OBJC_LITERAL_CONVERSION = YES;
				CLANG_WARN_OBJC_ROOT_CLASS = YES_ERROR;
				CLANG_WARN_RANGE_LOOP_ANALYSIS = YES;
				CLANG_WARN_STRICT_PROTOTYPES = YES;
				CLANG_WARN_SUSPICIOUS_MOVE = YES;
				CLANG_WARN_UNGUARDED_AVAILABILITY = YES_AGGRESSIVE;
				CLANG_WARN_UNREACHABLE_CODE = YES;
				CLANG_WARN__DUPLICATE_METHOD_MATCH = YES;
				CODE_SIGN_IDENTITY = "iPhone Developer";
				COPY_PHASE_STRIP = NO;
				DEBUG_INFORMATION_FORMAT = "dwarf-with-dsym";
				ENABLE_NS_ASSERTIONS = NO;
				ENABLE_STRICT_OBJC_MSGSEND = YES;
				GCC_C_LANGUAGE_STANDARD = gnu11;
				GCC_NO_COMMON_BLOCKS = YES;
				GCC_WARN_64_TO_32_BIT_CONVERSION = YES;
				GCC_WARN_ABOUT_RETURN_TYPE = YES_ERROR;
				GCC_WARN_UNDECLARED_SELECTOR = YES;
				GCC_WARN_UNINITIALIZED_AUTOS = YES_AGGRESSIVE;
				GCC_WARN_UNUSED_FUNCTION = YES;
				GCC_WARN_UNUSED_VARIABLE = YES;
				IPHONEOS_DEPLOYMENT_TARGET = 12.4;
				MTL_ENABLE_DEBUG_INFO = NO;
				MTL_FAST_MATH = YES;
				SDKROOT = iphoneos;
				SWIFT_COMPILATION_MODE = wholemodule;
				SWIFT_OPTIMIZATION_LEVEL = "-O";
				VALIDATE_PRODUCT = YES;
			};
			name = Release;
		};
		D2E50D1122EE8B0800945BCC /* Debug */ = {
			isa = XCBuildConfiguration;
			buildSettings = {
				ASSETCATALOG_COMPILER_APPICON_NAME = AppIcon;
				CODE_SIGN_STYLE = Automatic;
				DEVELOPMENT_TEAM = Y99ZS2MV55;
				INFOPLIST_FILE = EmojiArt/Info.plist;
				LD_RUNPATH_SEARCH_PATHS = (
					"$(inherited)",
					"@executable_path/Frameworks",
				);
				PRODUCT_BUNDLE_IDENTIFIER = "Hanmo-Chen.EmojiArt";
				PRODUCT_NAME = "$(TARGET_NAME)";
				SWIFT_VERSION = 5.0;
				TARGETED_DEVICE_FAMILY = "1,2";
			};
			name = Debug;
		};
		D2E50D1222EE8B0800945BCC /* Release */ = {
			isa = XCBuildConfiguration;
			buildSettings = {
				ASSETCATALOG_COMPILER_APPICON_NAME = AppIcon;
				CODE_SIGN_STYLE = Automatic;
				DEVELOPMENT_TEAM = Y99ZS2MV55;
				INFOPLIST_FILE = EmojiArt/Info.plist;
				LD_RUNPATH_SEARCH_PATHS = (
					"$(inherited)",
					"@executable_path/Frameworks",
				);
				PRODUCT_BUNDLE_IDENTIFIER = "Hanmo-Chen.EmojiArt";
				PRODUCT_NAME = "$(TARGET_NAME)";
				SWIFT_VERSION = 5.0;
				TARGETED_DEVICE_FAMILY = "1,2";
			};
			name = Release;
		};
/* End XCBuildConfiguration section */

/* Begin XCConfigurationList section */
		D2E50CF522EE8B0500945BCC /* Build configuration list for PBXProject "EmojiArt" */ = {
			isa = XCConfigurationList;
			buildConfigurations = (
				D2E50D0E22EE8B0800945BCC /* Debug */,
				D2E50D0F22EE8B0800945BCC /* Release */,
			);
			defaultConfigurationIsVisible = 0;
			defaultConfigurationName = Release;
		};
		D2E50D1022EE8B0800945BCC /* Build configuration list for PBXNativeTarget "EmojiArt" */ = {
			isa = XCConfigurationList;
			buildConfigurations = (
				D2E50D1122EE8B0800945BCC /* Debug */,
				D2E50D1222EE8B0800945BCC /* Release */,
			);
			defaultConfigurationIsVisible = 0;
			defaultConfigurationName = Release;
		};
/* End XCConfigurationList section */
	};
	rootObject = D2E50CF222EE8B0500945BCC /* Project object */;
}
